
Microsoft Visual Studio Solution File, Format Version 12.00
# Visual Studio Version 16
VisualStudioVersion = 16.0.31515.178
MinimumVisualStudioVersion = 10.0.40219.1
Project("{8BC9CEB8-8B4A-11D0-8D11-00A0C91BC942}") = "BubbleSort", "BubbleSort\BubbleSort.vcxproj", "{50AD5F5D-11F5-4CDB-BF2F-D8D4B1C9D030}"
EndProject
Global
	GlobalSection(SolutionConfigurationPlatforms) = preSolution
		Debug|x64 = Debug|x64
		Debug|x86 = Debug|x86
		Release|x64 = Release|x64
		Release|x86 = Release|x86
	EndGlobalSection
	GlobalSection(ProjectConfigurationPlatforms) = postSolution
		{50AD5F5D-11F5-4CDB-BF2F-D8D4B1C9D030}.Debug|x64.ActiveCfg = Debug|x64
		{50AD5F5D-11F5-4CDB-BF2F-D8D4B1C9D030}.Debug|x64.Build.0 = Debug|x64
		{50AD5F5D-11F5-4CDB-BF2F-D8D4B1C9D030}.Debug|x86.ActiveCfg = Debug|Win32
		{50AD5F5D-11F5-4CDB-BF2F-D8D4B1C9D030}.Debug|x86.Build.0 = Debug|Win32
		{50AD5F5D-11F5-4CDB-BF2F-D8D4B1C9D030}.Release|x64.ActiveCfg = Release|x64
		{50AD5F5D-11F5-4CDB-BF2F-D8D4B1C9D030}.Release|x64.Build.0 = Release|x64
		{50AD5F5D-11F5-4CDB-BF2F-D8D4B1C9D030}.Release|x86.ActiveCfg = Release|Win32
		{50AD5F5D-11F5-4CDB-BF2F-D8D4B1C9D030}.Release|x86.Build.0 = Release|Win32
	EndGlobalSection
	GlobalSection(SolutionProperties) = preSolution
		HideSolutionNode = FALSE
	EndGlobalSection
	GlobalSection(ExtensibilityGlobals) = postSolution
		SolutionGuid = {A9A7E700-35A5-44F0-AEAE-FFD2885956A6}
	EndGlobalSection
EndGlobal
